
Microsoft Visual Studio Solution File, Format Version 12.00
# Visual Studio 15
Project("{FAE04EC0-301F-11D3-BF4B-00C04F79EFBC}") = "Assembly-CSharp", "Assembly-CSharp.csproj", "{96048092-C0A4-3F39-7356-AB81EDAA866D}"
EndProject
Project("{FAE04EC0-301F-11D3-BF4B-00C04F79EFBC}") = "Assembly-CSharp-firstpass", "Assembly-CSharp-firstpass.csproj", "{0A2081A2-0066-ED81-B062-78CB2DBF0BF8}"
EndProject
Project("{FAE04EC0-301F-11D3-BF4B-00C04F79EFBC}") = "Assembly-CSharp-Editor", "Assembly-CSharp-Editor.csproj", "{275B02CE-A164-ADBE-446B-8A5A0512DD32}"
EndProject
Project("{FAE04EC0-301F-11D3-BF4B-00C04F79EFBC}") = "Assembly-CSharp-Editor-firstpass", "Assembly-CSharp-Editor-firstpass.csproj", "{E82EF2F2-6B8C-D106-9AA2-FB1057F6BA6D}"
EndProject
Global
	GlobalSection(SolutionConfigurationPlatforms) = preSolution
		Debug|Any CPU = Debug|Any CPU
		Release|Any CPU = Release|Any CPU
	EndGlobalSection
	GlobalSection(ProjectConfigurationPlatforms) = postSolution
		{96048092-C0A4-3F39-7356-AB81EDAA866D}.Debug|Any CPU.ActiveCfg = Debug|Any CPU
		{96048092-C0A4-3F39-7356-AB81EDAA866D}.Debug|Any CPU.Build.0 = Debug|Any CPU
		{96048092-C0A4-3F39-7356-AB81EDAA866D}.Release|Any CPU.ActiveCfg = Release|Any CPU
		{96048092-C0A4-3F39-7356-AB81EDAA866D}.Release|Any CPU.Build.0 = Release|Any CPU
		{0A2081A2-0066-ED81-B062-78CB2DBF0BF8}.Debug|Any CPU.ActiveCfg = Debug|Any CPU
		{0A2081A2-0066-ED81-B062-78CB2DBF0BF8}.Debug|Any CPU.Build.0 = Debug|Any CPU
		{0A2081A2-0066-ED81-B062-78CB2DBF0BF8}.Release|Any CPU.ActiveCfg = Release|Any CPU
		{0A2081A2-0066-ED81-B062-78CB2DBF0BF8}.Release|Any CPU.Build.0 = Release|Any CPU
		{275B02CE-A164-ADBE-446B-8A5A0512DD32}.Debug|Any CPU.ActiveCfg = Debug|Any CPU
		{275B02CE-A164-ADBE-446B-8A5A0512DD32}.Debug|Any CPU.Build.0 = Debug|Any CPU
		{275B02CE-A164-ADBE-446B-8A5A0512DD32}.Release|Any CPU.ActiveCfg = Release|Any CPU
		{275B02CE-A164-ADBE-446B-8A5A0512DD32}.Release|Any CPU.Build.0 = Release|Any CPU
		{E82EF2F2-6B8C-D106-9AA2-FB1057F6BA6D}.Debug|Any CPU.ActiveCfg = Debug|Any CPU
		{E82EF2F2-6B8C-D106-9AA2-FB1057F6BA6D}.Debug|Any CPU.Build.0 = Debug|Any CPU
		{E82EF2F2-6B8C-D106-9AA2-FB1057F6BA6D}.Release|Any CPU.ActiveCfg = Release|Any CPU
		{E82EF2F2-6B8C-D106-9AA2-FB1057F6BA6D}.Release|Any CPU.Build.0 = Release|Any CPU
	EndGlobalSection
	GlobalSection(SolutionProperties) = preSolution
		HideSolutionNode = FALSE
	EndGlobalSection
EndGlobal
