
Microsoft Visual Studio Solution File, Format Version 12.00
# Visual Studio 15
Project("{FAE04EC0-301F-11D3-BF4B-00C04F79EFBC}") = "BeWaterMyFriend", "Assembly-CSharp.csproj", "{96048092-C0A4-3F39-7356-AB81EDAA866D}"
EndProject
Global
	GlobalSection(SolutionConfigurationPlatforms) = preSolution
		Debug|Any CPU = Debug|Any CPU
		Release|Any CPU = Release|Any CPU
	EndGlobalSection
	GlobalSection(ProjectConfigurationPlatforms) = postSolution
		{96048092-C0A4-3F39-7356-AB81EDAA866D}.Debug|Any CPU.ActiveCfg = Debug|Any CPU
		{96048092-C0A4-3F39-7356-AB81EDAA866D}.Debug|Any CPU.Build.0 = Debug|Any CPU
		{96048092-C0A4-3F39-7356-AB81EDAA866D}.Release|Any CPU.ActiveCfg = Release|Any CPU
		{96048092-C0A4-3F39-7356-AB81EDAA866D}.Release|Any CPU.Build.0 = Release|Any CPU
	EndGlobalSection
	GlobalSection(SolutionProperties) = preSolution
		HideSolutionNode = FALSE
	EndGlobalSection
EndGlobal
